
Microsoft Visual Studio Solution File, Format Version 12.00
# Visual Studio 2012
Project("{8BC9CEB8-8B4A-11D0-8D11-00A0C91BC942}") = "Batch-Gradient-Descent", "Batch-Gradient-Descent\Batch-Gradient-Descent.vcxproj", "{EC5C4C87-364F-45B1-8DB3-3B2FFC987E61}"
EndProject
Global
	GlobalSection(SolutionConfigurationPlatforms) = preSolution
		Debug|Win32 = Debug|Win32
		Release|Win32 = Release|Win32
	EndGlobalSection
	GlobalSection(ProjectConfigurationPlatforms) = postSolution
		{EC5C4C87-364F-45B1-8DB3-3B2FFC987E61}.Debug|Win32.ActiveCfg = Debug|Win32
		{EC5C4C87-364F-45B1-8DB3-3B2FFC987E61}.Debug|Win32.Build.0 = Debug|Win32
		{EC5C4C87-364F-45B1-8DB3-3B2FFC987E61}.Release|Win32.ActiveCfg = Release|Win32
		{EC5C4C87-364F-45B1-8DB3-3B2FFC987E61}.Release|Win32.Build.0 = Release|Win32
	EndGlobalSection
	GlobalSection(SolutionProperties) = preSolution
		HideSolutionNode = FALSE
	EndGlobalSection
EndGlobal
